// !$*UTF8*$!
{
	archiveVersion = 1;
	classes = {
	};
	objectVersion = 56;
	objects = {

/* Begin PBXBuildFile section */
		088302287A69482B6CD79CCB /* Tidepad/Syntax/SyntaxPalette.swift in Sources */ = {isa = PBXBuildFile; fileRef = B4049743157ABCC856D21A4F /* Tidepad/Syntax/SyntaxPalette.swift */; };
		0A41FCBEB1D896BE2FEF9A79 /* Tidepad/Search/SearchPanelView.swift in Sources */ = {isa = PBXBuildFile; fileRef = 0AF0C5C8D447418541BD35FC /* Tidepad/Search/SearchPanelView.swift */; };
		0CA4B8E0D4EF6F853FDBF300 /* Tidepad/Commands/WorkspaceCommandContext.swift in Sources */ = {isa = PBXBuildFile; fileRef = D2DF6DDBD650E1D155CD2CD8 /* Tidepad/Commands/WorkspaceCommandContext.swift */; };
		1355A9E2EB8406C142208EFC /* Tests/VisualCapture.swift in Sources */ = {isa = PBXBuildFile; fileRef = E87F00D9C7DEBC2E5016CFEF /* Tests/VisualCapture.swift */; };
		16DBABF8D22904211E257D78 /* Tidepad/Commands/FileCommands.swift in Sources */ = {isa = PBXBuildFile; fileRef = 52932218E5993C1B4BA86BE3 /* Tidepad/Commands/FileCommands.swift */; };
		21A95FCC1C876A22B0B94D08 /* Tidepad/Commands/NativeMenuCoordinator.swift in Sources */ = {isa = PBXBuildFile; fileRef = 5C26016D9F7C0B7B147CC3FD /* Tidepad/Commands/NativeMenuCoordinator.swift */; };
		293214C8E52142735E45647A /* Tidepad/Views/CompactChrome.swift in Sources */ = {isa = PBXBuildFile; fileRef = 075572F3618E012A9BAFFCF8 /* Tidepad/Views/CompactChrome.swift */; };
		2EC2B12C8111916B5B28E090 /* Tidepad/Commands/SearchCommands.swift in Sources */ = {isa = PBXBuildFile; fileRef = 513DB892397CCAA265ADF4DC /* Tidepad/Commands/SearchCommands.swift */; };
		3023F30948EDF4AB9BEC7A84 /* Tidepad/App/TidepadApp.swift in Sources */ = {isa = PBXBuildFile; fileRef = 0F73584ED4D33C1E45EC0029 /* Tidepad/App/TidepadApp.swift */; };
		3584A20D555AFE96EDC0A430 /* Tidepad/Editor/EditorSession.swift in Sources */ = {isa = PBXBuildFile; fileRef = B4A2689D6EE9A1B6B07CF426 /* Tidepad/Editor/EditorSession.swift */; };
		35A25842C67F53B734E119CA /* Tidepad/Views/EditorToolbar.swift in Sources */ = {isa = PBXBuildFile; fileRef = BF09CFC8372631DF61738381 /* Tidepad/Views/EditorToolbar.swift */; };
		3A74F76FC61B62C9177A853E /* Tests/MenuValidation.swift in Sources */ = {isa = PBXBuildFile; fileRef = 409A6356C4ED3EF104316B5B /* Tests/MenuValidation.swift */; };
		3B99F1E5A8C545810ADFB034 /* Tidepad/Views/EditorView.swift in Sources */ = {isa = PBXBuildFile; fileRef = 2E4B2A5D606301191470AD4E /* Tidepad/Views/EditorView.swift */; };
		4630E0BDDBDFC2EFCCF6B97C /* Tidepad/Documents/TextFileService.swift in Sources */ = {isa = PBXBuildFile; fileRef = 752A81EB2AED49A78E4DDBD4 /* Tidepad/Documents/TextFileService.swift */; };
		4CA528783F9B06241CA7F402 /* Tidepad/Search/SearchEngine.swift in Sources */ = {isa = PBXBuildFile; fileRef = 8410E0B3641D840470752629 /* Tidepad/Search/SearchEngine.swift */; };
		4CC93069AD994E002124BFB0 /* Tidepad/Syntax/SyntaxLanguage.swift in Sources */ = {isa = PBXBuildFile; fileRef = 5162B3C9C16E84C0D05DC3D2 /* Tidepad/Syntax/SyntaxLanguage.swift */; };
		53ED3A9BB1370BB9E556D764 /* Tidepad/Syntax/LineLexer.swift in Sources */ = {isa = PBXBuildFile; fileRef = 070219510E721EC0C92386A5 /* Tidepad/Syntax/LineLexer.swift */; };
		578814BF8FE24F609BFED16F /* Tidepad/Utilities/EditorDiagnostics.swift in Sources */ = {isa = PBXBuildFile; fileRef = 3F2941357F574C32B107ADDA /* Tidepad/Utilities/EditorDiagnostics.swift */; };
		5CDFE286C1D22284700859B4 /* Tidepad/Search/FindInFilesService.swift in Sources */ = {isa = PBXBuildFile; fileRef = 9798539D2DC82C495AA2848E /* Tidepad/Search/FindInFilesService.swift */; };
		638CB56DC70D8F9E6B21952F /* Tidepad/Commands/ViewCommands.swift in Sources */ = {isa = PBXBuildFile; fileRef = C0E3C63CD51BB51FAB4F374A /* Tidepad/Commands/ViewCommands.swift */; };
		63D8FA24774614313DC358E7 /* Tidepad/Search/SearchResultBuilder.swift in Sources */ = {isa = PBXBuildFile; fileRef = 0DCC2D932E45CE90AC1C71F3 /* Tidepad/Search/SearchResultBuilder.swift */; };
		66432C16D7EE4BB6AA62C238 /* Tidepad/Utilities/EditorFontProvider.swift in Sources */ = {isa = PBXBuildFile; fileRef = 80158EF547754EE09B05D24A /* Tidepad/Utilities/EditorFontProvider.swift */; };
		6AC957C126E913AC41A92C63 /* Tidepad/Commands/SettingsCommands.swift in Sources */ = {isa = PBXBuildFile; fileRef = 8C18EB6873C721855744D946 /* Tidepad/Commands/SettingsCommands.swift */; };
		6B774C6AC675B5E677C83898 /* Tidepad/Syntax/IncrementalSyntaxEngine.swift in Sources */ = {isa = PBXBuildFile; fileRef = 4E94E6624658AD8DDD357BC7 /* Tidepad/Syntax/IncrementalSyntaxEngine.swift */; };
		6FF4DD92DC90A59ED71E374D /* Tidepad/Commands/TidepadCommands.swift in Sources */ = {isa = PBXBuildFile; fileRef = D3E0CB04E005C47E3785DE5B /* Tidepad/Commands/TidepadCommands.swift */; };
		71131D8F8B47D64F1DF25722 /* Tidepad/Models/EditorDocument.swift in Sources */ = {isa = PBXBuildFile; fileRef = 51EC7CC9D5D7608EF7F13D6C /* Tidepad/Models/EditorDocument.swift */; };
		71F82DFD323ED0295F7729AD /* Tidepad/Editor/SyntaxHighlighter.swift in Sources */ = {isa = PBXBuildFile; fileRef = 0BE48949002CE22A751EF0DF /* Tidepad/Editor/SyntaxHighlighter.swift */; };
		73EA1D4D83BB4D2BA88B9971 /* Tests/AppPerformanceValidation.swift in Sources */ = {isa = PBXBuildFile; fileRef = 2D7A5B262AFD48E8B2CBD96F /* Tests/AppPerformanceValidation.swift */; };
		74A3DADF435C82E1982C31CB /* Tidepad/Utilities/TidepadMetrics.swift in Sources */ = {isa = PBXBuildFile; fileRef = 338077D229804B963349E143 /* Tidepad/Utilities/TidepadMetrics.swift */; };
		9DD1ADC2B49A22B4B6462D49 /* Tidepad/Search/SearchController.swift in Sources */ = {isa = PBXBuildFile; fileRef = 8E18D9E6EF9BB0DC393E1E0E /* Tidepad/Search/SearchController.swift */; };
		A1C0DE0000000000000000B2 /* Tidepad/Editor/TextCommands.swift in Sources */ = {isa = PBXBuildFile; fileRef = A1C0DE0000000000000000A1 /* Tidepad/Editor/TextCommands.swift */; };
		A1C0DE0000000000000000D4 /* Tidepad/Editor/SQLFormatter.swift in Sources */ = {isa = PBXBuildFile; fileRef = A1C0DE0000000000000000C3 /* Tidepad/Editor/SQLFormatter.swift */; };
		A1C0DE000000000000000118 /* Tidepad/Documents/DocumentFilePresenter.swift in Sources */ = {isa = PBXBuildFile; fileRef = A1C0DE000000000000000107 /* Tidepad/Documents/DocumentFilePresenter.swift */; };
		A415486036D66A6DE78BB2EB /* Tidepad/Views/DocumentTabView.swift in Sources */ = {isa = PBXBuildFile; fileRef = 4E79E7253580186EBAD57E2C /* Tidepad/Views/DocumentTabView.swift */; };
		A7A199487B9193BC3724232F /* Tidepad/Search/SearchResultsView.swift in Sources */ = {isa = PBXBuildFile; fileRef = 97EE9626468ACAD3F001E058 /* Tidepad/Search/SearchResultsView.swift */; };
		B332DB1D0A5CFFA20CA72388 /* Tidepad/Commands/ToolsCommands.swift in Sources */ = {isa = PBXBuildFile; fileRef = 35A85892EF1B0D4EF83B0512 /* Tidepad/Commands/ToolsCommands.swift */; };
		B7A8B41678CC89755DC7FB52 /* Tidepad/Editor/CodeTextView.swift in Sources */ = {isa = PBXBuildFile; fileRef = F6BD285611B88485BB523A6C /* Tidepad/Editor/CodeTextView.swift */; };
		C20C36F15C93AF30ED75DEC1 /* Tidepad/Utilities/TidepadTheme.swift in Sources */ = {isa = PBXBuildFile; fileRef = E254DF6983684787176EAE12 /* Tidepad/Utilities/TidepadTheme.swift */; };
		C6ACD85BC0F1DEFE6501D169 /* Tidepad/Editor/LineIndex.swift in Sources */ = {isa = PBXBuildFile; fileRef = C44FF9786F5CB8AA0CABA3F6 /* Tidepad/Editor/LineIndex.swift */; };
		D530D978D5F386673880451A /* Tidepad/Editor/LineNumberRulerView.swift in Sources */ = {isa = PBXBuildFile; fileRef = 3F69CD9FCB3355A4E836294D /* Tidepad/Editor/LineNumberRulerView.swift */; };
		D5FD81394588487A308173AD /* Tidepad/Documents/DocumentManager.swift in Sources */ = {isa = PBXBuildFile; fileRef = 03C6598A4135AC8D7F807767 /* Tidepad/Documents/DocumentManager.swift */; };
		D7C3B70FB03769C65BF461FE /* Tidepad/Commands/LanguageCommands.swift in Sources */ = {isa = PBXBuildFile; fileRef = 465DD877855FDD309522F025 /* Tidepad/Commands/LanguageCommands.swift */; };
		D9B08B98CEF0A3E2FED2670B /* Tidepad/Editor/AppKitTextView.swift in Sources */ = {isa = PBXBuildFile; fileRef = 2CB449716E85BAF142013298 /* Tidepad/Editor/AppKitTextView.swift */; };
		DA46F13B7EE2CBA14A03EDB4 /* Tidepad/Models/EditorPreferences.swift in Sources */ = {isa = PBXBuildFile; fileRef = 4BAC65FA4B5C5A8CC2965980 /* Tidepad/Models/EditorPreferences.swift */; };
		DA8C6D81D32BACCAB3922EC4 /* Tidepad/Views/WorkspaceView.swift in Sources */ = {isa = PBXBuildFile; fileRef = E2FADB3F1975D75374D667CA /* Tidepad/Views/WorkspaceView.swift */; };
		DB895B54F3AD39170B68B002 /* Tests/SearchValidation.swift in Sources */ = {isa = PBXBuildFile; fileRef = F1B96D89D4A84F55B724EEE6 /* Tests/SearchValidation.swift */; };
		E0432D1A4B61B03A3FE039BB /* Tidepad/Search/SearchQuery.swift in Sources */ = {isa = PBXBuildFile; fileRef = 33A8CF123FEC5D3D25C9A1DF /* Tidepad/Search/SearchQuery.swift */; };
		E1DA15FBA665D6C6D6976199 /* Tidepad/Commands/EditCommands.swift in Sources */ = {isa = PBXBuildFile; fileRef = BBE62F7E3396E91ACEEEFAC4 /* Tidepad/Commands/EditCommands.swift */; };
		E4D4D6702A8811306D27E3D2 /* Tidepad/Editor/BracketMatcher.swift in Sources */ = {isa = PBXBuildFile; fileRef = FB3AA0AC11CE7B43BEEE1550 /* Tidepad/Editor/BracketMatcher.swift */; };
		EDCFF474E24E220AE7E24D6A /* Tidepad/Views/StatusBarView.swift in Sources */ = {isa = PBXBuildFile; fileRef = 0E1C9906A51AD9DB408914C4 /* Tidepad/Views/StatusBarView.swift */; };
		F05E7104C0A7896B47A8BB9F /* Tidepad/Commands/EncodingCommands.swift in Sources */ = {isa = PBXBuildFile; fileRef = FBF151C073CD688A496F2B1F /* Tidepad/Commands/EncodingCommands.swift */; };
		4018FBAF34737C6D041807BD /* Tidepad/Project/FolderListing.swift in Sources */ = {isa = PBXBuildFile; fileRef = 2529AB182E08B67D4D170E68 /* Tidepad/Project/FolderListing.swift */; };
		E46A902D865B9CA401D4E9CD /* Tidepad/Project/ProjectFolder.swift in Sources */ = {isa = PBXBuildFile; fileRef = 964A15A6579529FA71B6C059 /* Tidepad/Project/ProjectFolder.swift */; };
		3AF5940A0867672F788C4551 /* Tidepad/Utilities/FolderWatcher.swift in Sources */ = {isa = PBXBuildFile; fileRef = 76F48C428926E930D95CD807 /* Tidepad/Utilities/FolderWatcher.swift */; };
		4C3F67679BB771E91972933D /* Tidepad/Project/FileTreeController.swift in Sources */ = {isa = PBXBuildFile; fileRef = CB70863AC1A1D3D739A86BEC /* Tidepad/Project/FileTreeController.swift */; };
		DC453A1810A1520FF9A9FEB5 /* Tidepad/Views/ProjectSidebarView.swift in Sources */ = {isa = PBXBuildFile; fileRef = 932B924CA200BBBA760A5E9C /* Tidepad/Views/ProjectSidebarView.swift */; };
		4358A65545C8928D7450CB07 /* Tidepad/Terminal/TerminalScreen.swift in Sources */ = {isa = PBXBuildFile; fileRef = 70DA2CFC9A37B0CAB1660AF6 /* Tidepad/Terminal/TerminalScreen.swift */; };
		EF87B5CB3F7AD30B32FF66F3 /* Tidepad/Terminal/PseudoTerminal.swift in Sources */ = {isa = PBXBuildFile; fileRef = 60CA6A6B1E565A656EE304DF /* Tidepad/Terminal/PseudoTerminal.swift */; };
		A3E8D1C1F8EDF41D52AD21AC /* Tidepad/Terminal/TerminalView.swift in Sources */ = {isa = PBXBuildFile; fileRef = CC6C97FA224AC31E52C73671 /* Tidepad/Terminal/TerminalView.swift */; };
		222C5557F6F0599E3C60E78E /* Tidepad/Terminal/TerminalPanel.swift in Sources */ = {isa = PBXBuildFile; fileRef = D427CC70BB25740408FB86C5 /* Tidepad/Terminal/TerminalPanel.swift */; };
		72AEEEA993896C67538F4F0B /* Tidepad/Views/TerminalPanelView.swift in Sources */ = {isa = PBXBuildFile; fileRef = 7148194C206C6B23F1C48B3E /* Tidepad/Views/TerminalPanelView.swift */; };
		4F145E5A108841260159880A /* Tidepad/ClaudeCode/IDEProtocol.swift in Sources */ = {isa = PBXBuildFile; fileRef = 6F002C93B43B96C6070872DC /* Tidepad/ClaudeCode/IDEProtocol.swift */; };
		2EBF3761F24C40C58FC32C8D /* Tidepad/ClaudeCode/LineDiff.swift in Sources */ = {isa = PBXBuildFile; fileRef = AE672C1375E729F1BBF5A5E6 /* Tidepad/ClaudeCode/LineDiff.swift */; };
		693F659DC26BF0C575D498E9 /* Tidepad/ClaudeCode/IDEServer.swift in Sources */ = {isa = PBXBuildFile; fileRef = C4FBB8EDF11028B39DD0C36D /* Tidepad/ClaudeCode/IDEServer.swift */; };
		F234D5355E269B1A5A567EF1 /* Tidepad/ClaudeCode/ClaudeCodeConnection.swift in Sources */ = {isa = PBXBuildFile; fileRef = D2416E85626247497D1FC96B /* Tidepad/ClaudeCode/ClaudeCodeConnection.swift */; };
		A655EFE5DE9D2FC0C6CD9F44 /* Tidepad/ClaudeCode/DiffReviewWindow.swift in Sources */ = {isa = PBXBuildFile; fileRef = BFEF662BDECE79049F9B6551 /* Tidepad/ClaudeCode/DiffReviewWindow.swift */; };
		45066EE01B57451EB780685F /* Tidepad/Session/SessionKeeper.swift in Sources */ = {isa = PBXBuildFile; fileRef = E7649516DEFBB8965053BE13 /* Tidepad/Session/SessionKeeper.swift */; };
		7D1C0A55E7B14F2A9C3E0001 /* Tidepad/Assets.xcassets in Resources */ = {isa = PBXBuildFile; fileRef = 7D1C0A55E7B14F2A9C3E0002 /* Tidepad/Assets.xcassets */; };
		7D1C0A55E7B14F2A9C3E0011 /* Tidepad/Terminal/TerminalAccessibility.swift in Sources */ = {isa = PBXBuildFile; fileRef = 7D1C0A55E7B14F2A9C3E0012 /* Tidepad/Terminal/TerminalAccessibility.swift */; };
		7D1C0A55E7B14F2A9C3E0013 /* Tidepad/Tidepad.help in Resources */ = {isa = PBXBuildFile; fileRef = 7D1C0A55E7B14F2A9C3E0014 /* Tidepad/Tidepad.help */; };
		7D1C0A55E7B14F2A9C3E0021 /* Tidepad/Editor/DocumentPrinter.swift in Sources */ = {isa = PBXBuildFile; fileRef = 7D1C0A55E7B14F2A9C3E0022 /* Tidepad/Editor/DocumentPrinter.swift */; };
		7D1C0A55E7B14F2A9C3E0031 /* Tidepad/Views/PreferencesView.swift in Sources */ = {isa = PBXBuildFile; fileRef = 7D1C0A55E7B14F2A9C3E0032 /* Tidepad/Views/PreferencesView.swift */; };
		7D1C0A55E7B14F2A9C3E0041 /* Tidepad/Models/TextEncodingChoice.swift in Sources */ = {isa = PBXBuildFile; fileRef = 7D1C0A55E7B14F2A9C3E0042 /* Tidepad/Models/TextEncodingChoice.swift */; };
/* End PBXBuildFile section */

/* Begin PBXFileReference section */
		03C6598A4135AC8D7F807767 /* Tidepad/Documents/DocumentManager.swift */ = {isa = PBXFileReference; lastKnownFileType = sourcecode.swift; path = Tidepad/Documents/DocumentManager.swift; sourceTree = SOURCE_ROOT; };
		070219510E721EC0C92386A5 /* Tidepad/Syntax/LineLexer.swift */ = {isa = PBXFileReference; lastKnownFileType = sourcecode.swift; path = Tidepad/Syntax/LineLexer.swift; sourceTree = SOURCE_ROOT; };
		075572F3618E012A9BAFFCF8 /* Tidepad/Views/CompactChrome.swift */ = {isa = PBXFileReference; lastKnownFileType = sourcecode.swift; path = Tidepad/Views/CompactChrome.swift; sourceTree = SOURCE_ROOT; };
		0AF0C5C8D447418541BD35FC /* Tidepad/Search/SearchPanelView.swift */ = {isa = PBXFileReference; lastKnownFileType = sourcecode.swift; path = Tidepad/Search/SearchPanelView.swift; sourceTree = SOURCE_ROOT; };
		0BE48949002CE22A751EF0DF /* Tidepad/Editor/SyntaxHighlighter.swift */ = {isa = PBXFileReference; lastKnownFileType = sourcecode.swift; path = Tidepad/Editor/SyntaxHighlighter.swift; sourceTree = SOURCE_ROOT; };
		0DCC2D932E45CE90AC1C71F3 /* Tidepad/Search/SearchResultBuilder.swift */ = {isa = PBXFileReference; lastKnownFileType = sourcecode.swift; path = Tidepad/Search/SearchResultBuilder.swift; sourceTree = SOURCE_ROOT; };
		0E1C9906A51AD9DB408914C4 /* Tidepad/Views/StatusBarView.swift */ = {isa = PBXFileReference; lastKnownFileType = sourcecode.swift; path = Tidepad/Views/StatusBarView.swift; sourceTree = SOURCE_ROOT; };
		0F73584ED4D33C1E45EC0029 /* Tidepad/App/TidepadApp.swift */ = {isa = PBXFileReference; lastKnownFileType = sourcecode.swift; path = Tidepad/App/TidepadApp.swift; sourceTree = SOURCE_ROOT; };
		2CB449716E85BAF142013298 /* Tidepad/Editor/AppKitTextView.swift */ = {isa = PBXFileReference; lastKnownFileType = sourcecode.swift; path = Tidepad/Editor/AppKitTextView.swift; sourceTree = SOURCE_ROOT; };
		2D7A5B262AFD48E8B2CBD96F /* Tests/AppPerformanceValidation.swift */ = {isa = PBXFileReference; lastKnownFileType = sourcecode.swift; path = Tests/AppPerformanceValidation.swift; sourceTree = SOURCE_ROOT; };
		2E4B2A5D606301191470AD4E /* Tidepad/Views/EditorView.swift */ = {isa = PBXFileReference; lastKnownFileType = sourcecode.swift; path = Tidepad/Views/EditorView.swift; sourceTree = SOURCE_ROOT; };
		338077D229804B963349E143 /* Tidepad/Utilities/TidepadMetrics.swift */ = {isa = PBXFileReference; lastKnownFileType = sourcecode.swift; path = Tidepad/Utilities/TidepadMetrics.swift; sourceTree = SOURCE_ROOT; };
		33A8CF123FEC5D3D25C9A1DF /* Tidepad/Search/SearchQuery.swift */ = {isa = PBXFileReference; lastKnownFileType = sourcecode.swift; path = Tidepad/Search/SearchQuery.swift; sourceTree = SOURCE_ROOT; };
		35A85892EF1B0D4EF83B0512 /* Tidepad/Commands/ToolsCommands.swift */ = {isa = PBXFileReference; lastKnownFileType = sourcecode.swift; path = Tidepad/Commands/ToolsCommands.swift; sourceTree = SOURCE_ROOT; };
		38A007151ABE87CC01A5B6E9 /* Tidepad.app */ = {isa = PBXFileReference; explicitFileType = wrapper.application; path = Tidepad.app; sourceTree = BUILT_PRODUCTS_DIR; };
		3F2941357F574C32B107ADDA /* Tidepad/Utilities/EditorDiagnostics.swift */ = {isa = PBXFileReference; lastKnownFileType = sourcecode.swift; path = Tidepad/Utilities/EditorDiagnostics.swift; sourceTree = SOURCE_ROOT; };
		3F69CD9FCB3355A4E836294D /* Tidepad/Editor/LineNumberRulerView.swift */ = {isa = PBXFileReference; lastKnownFileType = sourcecode.swift; path = Tidepad/Editor/LineNumberRulerView.swift; sourceTree = SOURCE_ROOT; };
		409A6356C4ED3EF104316B5B /* Tests/MenuValidation.swift */ = {isa = PBXFileReference; lastKnownFileType = sourcecode.swift; path = Tests/MenuValidation.swift; sourceTree = SOURCE_ROOT; };
		465DD877855FDD309522F025 /* Tidepad/Commands/LanguageCommands.swift */ = {isa = PBXFileReference; lastKnownFileType = sourcecode.swift; path = Tidepad/Commands/LanguageCommands.swift; sourceTree = SOURCE_ROOT; };
		4BAC65FA4B5C5A8CC2965980 /* Tidepad/Models/EditorPreferences.swift */ = {isa = PBXFileReference; lastKnownFileType = sourcecode.swift; path = Tidepad/Models/EditorPreferences.swift; sourceTree = SOURCE_ROOT; };
		4E79E7253580186EBAD57E2C /* Tidepad/Views/DocumentTabView.swift */ = {isa = PBXFileReference; lastKnownFileType = sourcecode.swift; path = Tidepad/Views/DocumentTabView.swift; sourceTree = SOURCE_ROOT; };
		4E94E6624658AD8DDD357BC7 /* Tidepad/Syntax/IncrementalSyntaxEngine.swift */ = {isa = PBXFileReference; lastKnownFileType = sourcecode.swift; path = Tidepad/Syntax/IncrementalSyntaxEngine.swift; sourceTree = SOURCE_ROOT; };
		513DB892397CCAA265ADF4DC /* Tidepad/Commands/SearchCommands.swift */ = {isa = PBXFileReference; lastKnownFileType = sourcecode.swift; path = Tidepad/Commands/SearchCommands.swift; sourceTree = SOURCE_ROOT; };
		5162B3C9C16E84C0D05DC3D2 /* Tidepad/Syntax/SyntaxLanguage.swift */ = {isa = PBXFileReference; lastKnownFileType = sourcecode.swift; path = Tidepad/Syntax/SyntaxLanguage.swift; sourceTree = SOURCE_ROOT; };
		51EC7CC9D5D7608EF7F13D6C /* Tidepad/Models/EditorDocument.swift */ = {isa = PBXFileReference; lastKnownFileType = sourcecode.swift; path = Tidepad/Models/EditorDocument.swift; sourceTree = SOURCE_ROOT; };
		52932218E5993C1B4BA86BE3 /* Tidepad/Commands/FileCommands.swift */ = {isa = PBXFileReference; lastKnownFileType = sourcecode.swift; path = Tidepad/Commands/FileCommands.swift; sourceTree = SOURCE_ROOT; };
		5C26016D9F7C0B7B147CC3FD /* Tidepad/Commands/NativeMenuCoordinator.swift */ = {isa = PBXFileReference; lastKnownFileType = sourcecode.swift; path = Tidepad/Commands/NativeMenuCoordinator.swift; sourceTree = SOURCE_ROOT; };
		752A81EB2AED49A78E4DDBD4 /* Tidepad/Documents/TextFileService.swift */ = {isa = PBXFileReference; lastKnownFileType = sourcecode.swift; path = Tidepad/Documents/TextFileService.swift; sourceTree = SOURCE_ROOT; };
		80158EF547754EE09B05D24A /* Tidepad/Utilities/EditorFontProvider.swift */ = {isa = PBXFileReference; lastKnownFileType = sourcecode.swift; path = Tidepad/Utilities/EditorFontProvider.swift; sourceTree = SOURCE_ROOT; };
		8410E0B3641D840470752629 /* Tidepad/Search/SearchEngine.swift */ = {isa = PBXFileReference; lastKnownFileType = sourcecode.swift; path = Tidepad/Search/SearchEngine.swift; sourceTree = SOURCE_ROOT; };
		8C18EB6873C721855744D946 /* Tidepad/Commands/SettingsCommands.swift */ = {isa = PBXFileReference; lastKnownFileType = sourcecode.swift; path = Tidepad/Commands/SettingsCommands.swift; sourceTree = SOURCE_ROOT; };
		8E18D9E6EF9BB0DC393E1E0E /* Tidepad/Search/SearchController.swift */ = {isa = PBXFileReference; lastKnownFileType = sourcecode.swift; path = Tidepad/Search/SearchController.swift; sourceTree = SOURCE_ROOT; };
		9798539D2DC82C495AA2848E /* Tidepad/Search/FindInFilesService.swift */ = {isa = PBXFileReference; lastKnownFileType = sourcecode.swift; path = Tidepad/Search/FindInFilesService.swift; sourceTree = SOURCE_ROOT; };
		97EE9626468ACAD3F001E058 /* Tidepad/Search/SearchResultsView.swift */ = {isa = PBXFileReference; lastKnownFileType = sourcecode.swift; path = Tidepad/Search/SearchResultsView.swift; sourceTree = SOURCE_ROOT; };
		A1C0DE0000000000000000A1 /* Tidepad/Editor/TextCommands.swift */ = {isa = PBXFileReference; lastKnownFileType = sourcecode.swift; path = Tidepad/Editor/TextCommands.swift; sourceTree = SOURCE_ROOT; };
		A1C0DE0000000000000000C3 /* Tidepad/Editor/SQLFormatter.swift */ = {isa = PBXFileReference; lastKnownFileType = sourcecode.swift; path = Tidepad/Editor/SQLFormatter.swift; sourceTree = SOURCE_ROOT; };
		A1C0DE000000000000000107 /* Tidepad/Documents/DocumentFilePresenter.swift */ = {isa = PBXFileReference; lastKnownFileType = sourcecode.swift; path = Tidepad/Documents/DocumentFilePresenter.swift; sourceTree = SOURCE_ROOT; };
		B4049743157ABCC856D21A4F /* Tidepad/Syntax/SyntaxPalette.swift */ = {isa = PBXFileReference; lastKnownFileType = sourcecode.swift; path = Tidepad/Syntax/SyntaxPalette.swift; sourceTree = SOURCE_ROOT; };
		B4A2689D6EE9A1B6B07CF426 /* Tidepad/Editor/EditorSession.swift */ = {isa = PBXFileReference; lastKnownFileType = sourcecode.swift; path = Tidepad/Editor/EditorSession.swift; sourceTree = SOURCE_ROOT; };
		BBE62F7E3396E91ACEEEFAC4 /* Tidepad/Commands/EditCommands.swift */ = {isa = PBXFileReference; lastKnownFileType = sourcecode.swift; path = Tidepad/Commands/EditCommands.swift; sourceTree = SOURCE_ROOT; };
		BF09CFC8372631DF61738381 /* Tidepad/Views/EditorToolbar.swift */ = {isa = PBXFileReference; lastKnownFileType = sourcecode.swift; path = Tidepad/Views/EditorToolbar.swift; sourceTree = SOURCE_ROOT; };
		C0E3C63CD51BB51FAB4F374A /* Tidepad/Commands/ViewCommands.swift */ = {isa = PBXFileReference; lastKnownFileType = sourcecode.swift; path = Tidepad/Commands/ViewCommands.swift; sourceTree = SOURCE_ROOT; };
		C44FF9786F5CB8AA0CABA3F6 /* Tidepad/Editor/LineIndex.swift */ = {isa = PBXFileReference; lastKnownFileType = sourcecode.swift; path = Tidepad/Editor/LineIndex.swift; sourceTree = SOURCE_ROOT; };
		D2DF6DDBD650E1D155CD2CD8 /* Tidepad/Commands/WorkspaceCommandContext.swift */ = {isa = PBXFileReference; lastKnownFileType = sourcecode.swift; path = Tidepad/Commands/WorkspaceCommandContext.swift; sourceTree = SOURCE_ROOT; };
		D3E0CB04E005C47E3785DE5B /* Tidepad/Commands/TidepadCommands.swift */ = {isa = PBXFileReference; lastKnownFileType = sourcecode.swift; path = Tidepad/Commands/TidepadCommands.swift; sourceTree = SOURCE_ROOT; };
		E254DF6983684787176EAE12 /* Tidepad/Utilities/TidepadTheme.swift */ = {isa = PBXFileReference; lastKnownFileType = sourcecode.swift; path = Tidepad/Utilities/TidepadTheme.swift; sourceTree = SOURCE_ROOT; };
		E2FADB3F1975D75374D667CA /* Tidepad/Views/WorkspaceView.swift */ = {isa = PBXFileReference; lastKnownFileType = sourcecode.swift; path = Tidepad/Views/WorkspaceView.swift; sourceTree = SOURCE_ROOT; };
		E87F00D9C7DEBC2E5016CFEF /* Tests/VisualCapture.swift */ = {isa = PBXFileReference; lastKnownFileType = sourcecode.swift; path = Tests/VisualCapture.swift; sourceTree = SOURCE_ROOT; };
		F1B96D89D4A84F55B724EEE6 /* Tests/SearchValidation.swift */ = {isa = PBXFileReference; lastKnownFileType = sourcecode.swift; path = Tests/SearchValidation.swift; sourceTree = SOURCE_ROOT; };
		F6BD285611B88485BB523A6C /* Tidepad/Editor/CodeTextView.swift */ = {isa = PBXFileReference; lastKnownFileType = sourcecode.swift; path = Tidepad/Editor/CodeTextView.swift; sourceTree = SOURCE_ROOT; };
		FB3AA0AC11CE7B43BEEE1550 /* Tidepad/Editor/BracketMatcher.swift */ = {isa = PBXFileReference; lastKnownFileType = sourcecode.swift; path = Tidepad/Editor/BracketMatcher.swift; sourceTree = SOURCE_ROOT; };
		FBF151C073CD688A496F2B1F /* Tidepad/Commands/EncodingCommands.swift */ = {isa = PBXFileReference; lastKnownFileType = sourcecode.swift; path = Tidepad/Commands/EncodingCommands.swift; sourceTree = SOURCE_ROOT; };
		2529AB182E08B67D4D170E68 /* Tidepad/Project/FolderListing.swift */ = {isa = PBXFileReference; lastKnownFileType = sourcecode.swift; path = Tidepad/Project/FolderListing.swift; sourceTree = SOURCE_ROOT; };
		964A15A6579529FA71B6C059 /* Tidepad/Project/ProjectFolder.swift */ = {isa = PBXFileReference; lastKnownFileType = sourcecode.swift; path = Tidepad/Project/ProjectFolder.swift; sourceTree = SOURCE_ROOT; };
		76F48C428926E930D95CD807 /* Tidepad/Utilities/FolderWatcher.swift */ = {isa = PBXFileReference; lastKnownFileType = sourcecode.swift; path = Tidepad/Utilities/FolderWatcher.swift; sourceTree = SOURCE_ROOT; };
		CB70863AC1A1D3D739A86BEC /* Tidepad/Project/FileTreeController.swift */ = {isa = PBXFileReference; lastKnownFileType = sourcecode.swift; path = Tidepad/Project/FileTreeController.swift; sourceTree = SOURCE_ROOT; };
		932B924CA200BBBA760A5E9C /* Tidepad/Views/ProjectSidebarView.swift */ = {isa = PBXFileReference; lastKnownFileType = sourcecode.swift; path = Tidepad/Views/ProjectSidebarView.swift; sourceTree = SOURCE_ROOT; };
		70DA2CFC9A37B0CAB1660AF6 /* Tidepad/Terminal/TerminalScreen.swift */ = {isa = PBXFileReference; lastKnownFileType = sourcecode.swift; path = Tidepad/Terminal/TerminalScreen.swift; sourceTree = SOURCE_ROOT; };
		60CA6A6B1E565A656EE304DF /* Tidepad/Terminal/PseudoTerminal.swift */ = {isa = PBXFileReference; lastKnownFileType = sourcecode.swift; path = Tidepad/Terminal/PseudoTerminal.swift; sourceTree = SOURCE_ROOT; };
		CC6C97FA224AC31E52C73671 /* Tidepad/Terminal/TerminalView.swift */ = {isa = PBXFileReference; lastKnownFileType = sourcecode.swift; path = Tidepad/Terminal/TerminalView.swift; sourceTree = SOURCE_ROOT; };
		D427CC70BB25740408FB86C5 /* Tidepad/Terminal/TerminalPanel.swift */ = {isa = PBXFileReference; lastKnownFileType = sourcecode.swift; path = Tidepad/Terminal/TerminalPanel.swift; sourceTree = SOURCE_ROOT; };
		7148194C206C6B23F1C48B3E /* Tidepad/Views/TerminalPanelView.swift */ = {isa = PBXFileReference; lastKnownFileType = sourcecode.swift; path = Tidepad/Views/TerminalPanelView.swift; sourceTree = SOURCE_ROOT; };
		6F002C93B43B96C6070872DC /* Tidepad/ClaudeCode/IDEProtocol.swift */ = {isa = PBXFileReference; lastKnownFileType = sourcecode.swift; path = Tidepad/ClaudeCode/IDEProtocol.swift; sourceTree = SOURCE_ROOT; };
		AE672C1375E729F1BBF5A5E6 /* Tidepad/ClaudeCode/LineDiff.swift */ = {isa = PBXFileReference; lastKnownFileType = sourcecode.swift; path = Tidepad/ClaudeCode/LineDiff.swift; sourceTree = SOURCE_ROOT; };
		C4FBB8EDF11028B39DD0C36D /* Tidepad/ClaudeCode/IDEServer.swift */ = {isa = PBXFileReference; lastKnownFileType = sourcecode.swift; path = Tidepad/ClaudeCode/IDEServer.swift; sourceTree = SOURCE_ROOT; };
		D2416E85626247497D1FC96B /* Tidepad/ClaudeCode/ClaudeCodeConnection.swift */ = {isa = PBXFileReference; lastKnownFileType = sourcecode.swift; path = Tidepad/ClaudeCode/ClaudeCodeConnection.swift; sourceTree = SOURCE_ROOT; };
		BFEF662BDECE79049F9B6551 /* Tidepad/ClaudeCode/DiffReviewWindow.swift */ = {isa = PBXFileReference; lastKnownFileType = sourcecode.swift; path = Tidepad/ClaudeCode/DiffReviewWindow.swift; sourceTree = SOURCE_ROOT; };
		E7649516DEFBB8965053BE13 /* Tidepad/Session/SessionKeeper.swift */ = {isa = PBXFileReference; lastKnownFileType = sourcecode.swift; path = Tidepad/Session/SessionKeeper.swift; sourceTree = SOURCE_ROOT; };
		7D1C0A55E7B14F2A9C3E0002 /* Tidepad/Assets.xcassets */ = {isa = PBXFileReference; lastKnownFileType = folder.assetcatalog; path = Tidepad/Assets.xcassets; sourceTree = SOURCE_ROOT; };
		7D1C0A55E7B14F2A9C3E0012 /* Tidepad/Terminal/TerminalAccessibility.swift */ = {isa = PBXFileReference; lastKnownFileType = sourcecode.swift; path = Tidepad/Terminal/TerminalAccessibility.swift; sourceTree = SOURCE_ROOT; };
		7D1C0A55E7B14F2A9C3E0014 /* Tidepad/Tidepad.help */ = {isa = PBXFileReference; lastKnownFileType = folder; path = Tidepad/Tidepad.help; sourceTree = SOURCE_ROOT; };
		7D1C0A55E7B14F2A9C3E0022 /* Tidepad/Editor/DocumentPrinter.swift */ = {isa = PBXFileReference; lastKnownFileType = sourcecode.swift; path = Tidepad/Editor/DocumentPrinter.swift; sourceTree = SOURCE_ROOT; };
		7D1C0A55E7B14F2A9C3E0032 /* Tidepad/Views/PreferencesView.swift */ = {isa = PBXFileReference; lastKnownFileType = sourcecode.swift; path = Tidepad/Views/PreferencesView.swift; sourceTree = SOURCE_ROOT; };
		7D1C0A55E7B14F2A9C3E0042 /* Tidepad/Models/TextEncodingChoice.swift */ = {isa = PBXFileReference; lastKnownFileType = sourcecode.swift; path = Tidepad/Models/TextEncodingChoice.swift; sourceTree = SOURCE_ROOT; };
/* End PBXFileReference section */

/* Begin PBXFrameworksBuildPhase section */
		7561BFB015D8F536760CB671 /* Frameworks */ = {
			isa = PBXFrameworksBuildPhase;
			buildActionMask = 2147483647;
			files = (
			);
			runOnlyForDeploymentPostprocessing = 0;
		};
/* End PBXFrameworksBuildPhase section */

/* Begin PBXGroup section */
		64292B1C2B2E13EAD8788FC8 = {
			isa = PBXGroup;
			children = (
				E7649516DEFBB8965053BE13 /* Tidepad/Session/SessionKeeper.swift */,
				7D1C0A55E7B14F2A9C3E0002 /* Tidepad/Assets.xcassets */,
				7D1C0A55E7B14F2A9C3E0014 /* Tidepad/Tidepad.help */,
				7D1C0A55E7B14F2A9C3E0012 /* Tidepad/Terminal/TerminalAccessibility.swift */,
				7D1C0A55E7B14F2A9C3E0022 /* Tidepad/Editor/DocumentPrinter.swift */,
				7D1C0A55E7B14F2A9C3E0032 /* Tidepad/Views/PreferencesView.swift */,
				7D1C0A55E7B14F2A9C3E0042 /* Tidepad/Models/TextEncodingChoice.swift */,
				6F002C93B43B96C6070872DC /* Tidepad/ClaudeCode/IDEProtocol.swift */,
				AE672C1375E729F1BBF5A5E6 /* Tidepad/ClaudeCode/LineDiff.swift */,
				C4FBB8EDF11028B39DD0C36D /* Tidepad/ClaudeCode/IDEServer.swift */,
				D2416E85626247497D1FC96B /* Tidepad/ClaudeCode/ClaudeCodeConnection.swift */,
				BFEF662BDECE79049F9B6551 /* Tidepad/ClaudeCode/DiffReviewWindow.swift */,
				70DA2CFC9A37B0CAB1660AF6 /* Tidepad/Terminal/TerminalScreen.swift */,
				60CA6A6B1E565A656EE304DF /* Tidepad/Terminal/PseudoTerminal.swift */,
				CC6C97FA224AC31E52C73671 /* Tidepad/Terminal/TerminalView.swift */,
				D427CC70BB25740408FB86C5 /* Tidepad/Terminal/TerminalPanel.swift */,
				7148194C206C6B23F1C48B3E /* Tidepad/Views/TerminalPanelView.swift */,
				2529AB182E08B67D4D170E68 /* Tidepad/Project/FolderListing.swift */,
				964A15A6579529FA71B6C059 /* Tidepad/Project/ProjectFolder.swift */,
				76F48C428926E930D95CD807 /* Tidepad/Utilities/FolderWatcher.swift */,
				CB70863AC1A1D3D739A86BEC /* Tidepad/Project/FileTreeController.swift */,
				932B924CA200BBBA760A5E9C /* Tidepad/Views/ProjectSidebarView.swift */,
				A1C0DE0000000000000000A1 /* Tidepad/Editor/TextCommands.swift */,
				A1C0DE0000000000000000C3 /* Tidepad/Editor/SQLFormatter.swift */,
				A1C0DE000000000000000107 /* Tidepad/Documents/DocumentFilePresenter.swift */,
				2D7A5B262AFD48E8B2CBD96F /* Tests/AppPerformanceValidation.swift */,
				3F2941357F574C32B107ADDA /* Tidepad/Utilities/EditorDiagnostics.swift */,
				F1B96D89D4A84F55B724EEE6 /* Tests/SearchValidation.swift */,
				97EE9626468ACAD3F001E058 /* Tidepad/Search/SearchResultsView.swift */,
				0DCC2D932E45CE90AC1C71F3 /* Tidepad/Search/SearchResultBuilder.swift */,
				33A8CF123FEC5D3D25C9A1DF /* Tidepad/Search/SearchQuery.swift */,
				0AF0C5C8D447418541BD35FC /* Tidepad/Search/SearchPanelView.swift */,
				8410E0B3641D840470752629 /* Tidepad/Search/SearchEngine.swift */,
				8E18D9E6EF9BB0DC393E1E0E /* Tidepad/Search/SearchController.swift */,
				9798539D2DC82C495AA2848E /* Tidepad/Search/FindInFilesService.swift */,
				409A6356C4ED3EF104316B5B /* Tests/MenuValidation.swift */,
				4BAC65FA4B5C5A8CC2965980 /* Tidepad/Models/EditorPreferences.swift */,
				D2DF6DDBD650E1D155CD2CD8 /* Tidepad/Commands/WorkspaceCommandContext.swift */,
				C0E3C63CD51BB51FAB4F374A /* Tidepad/Commands/ViewCommands.swift */,
				35A85892EF1B0D4EF83B0512 /* Tidepad/Commands/ToolsCommands.swift */,
				8C18EB6873C721855744D946 /* Tidepad/Commands/SettingsCommands.swift */,
				513DB892397CCAA265ADF4DC /* Tidepad/Commands/SearchCommands.swift */,
				5C26016D9F7C0B7B147CC3FD /* Tidepad/Commands/NativeMenuCoordinator.swift */,
				D3E0CB04E005C47E3785DE5B /* Tidepad/Commands/TidepadCommands.swift */,
				465DD877855FDD309522F025 /* Tidepad/Commands/LanguageCommands.swift */,
				52932218E5993C1B4BA86BE3 /* Tidepad/Commands/FileCommands.swift */,
				FBF151C073CD688A496F2B1F /* Tidepad/Commands/EncodingCommands.swift */,
				BBE62F7E3396E91ACEEEFAC4 /* Tidepad/Commands/EditCommands.swift */,
				E87F00D9C7DEBC2E5016CFEF /* Tests/VisualCapture.swift */,
				075572F3618E012A9BAFFCF8 /* Tidepad/Views/CompactChrome.swift */,
				E254DF6983684787176EAE12 /* Tidepad/Utilities/TidepadTheme.swift */,
				338077D229804B963349E143 /* Tidepad/Utilities/TidepadMetrics.swift */,
				B4049743157ABCC856D21A4F /* Tidepad/Syntax/SyntaxPalette.swift */,
				5162B3C9C16E84C0D05DC3D2 /* Tidepad/Syntax/SyntaxLanguage.swift */,
				070219510E721EC0C92386A5 /* Tidepad/Syntax/LineLexer.swift */,
				4E94E6624658AD8DDD357BC7 /* Tidepad/Syntax/IncrementalSyntaxEngine.swift */,
				0BE48949002CE22A751EF0DF /* Tidepad/Editor/SyntaxHighlighter.swift */,
				F6BD285611B88485BB523A6C /* Tidepad/Editor/CodeTextView.swift */,
				FB3AA0AC11CE7B43BEEE1550 /* Tidepad/Editor/BracketMatcher.swift */,
				0F73584ED4D33C1E45EC0029 /* Tidepad/App/TidepadApp.swift */,
				03C6598A4135AC8D7F807767 /* Tidepad/Documents/DocumentManager.swift */,
				752A81EB2AED49A78E4DDBD4 /* Tidepad/Documents/TextFileService.swift */,
				2CB449716E85BAF142013298 /* Tidepad/Editor/AppKitTextView.swift */,
				B4A2689D6EE9A1B6B07CF426 /* Tidepad/Editor/EditorSession.swift */,
				C44FF9786F5CB8AA0CABA3F6 /* Tidepad/Editor/LineIndex.swift */,
				3F69CD9FCB3355A4E836294D /* Tidepad/Editor/LineNumberRulerView.swift */,
				51EC7CC9D5D7608EF7F13D6C /* Tidepad/Models/EditorDocument.swift */,
				80158EF547754EE09B05D24A /* Tidepad/Utilities/EditorFontProvider.swift */,
				4E79E7253580186EBAD57E2C /* Tidepad/Views/DocumentTabView.swift */,
				BF09CFC8372631DF61738381 /* Tidepad/Views/EditorToolbar.swift */,
				2E4B2A5D606301191470AD4E /* Tidepad/Views/EditorView.swift */,
				0E1C9906A51AD9DB408914C4 /* Tidepad/Views/StatusBarView.swift */,
				E2FADB3F1975D75374D667CA /* Tidepad/Views/WorkspaceView.swift */,
				FBDC4F23F93125BBEEAE800C /* Products */,
			);
			sourceTree = "<group>";
		};
		FBDC4F23F93125BBEEAE800C /* Products */ = {
			isa = PBXGroup;
			children = (
				38A007151ABE87CC01A5B6E9 /* Tidepad.app */,
			);
			name = Products;
			sourceTree = "<group>";
		};
/* End PBXGroup section */

/* Begin PBXNativeTarget section */
		0E8A3AD980EC179856012B7E /* Tidepad */ = {
			isa = PBXNativeTarget;
			buildConfigurationList = C57128001CE614BF8549D6BB /* Build configuration list for PBXNativeTarget "Tidepad" */;
			buildPhases = (
				BCE16DD0260827ECF338C787 /* Sources */,
				7561BFB015D8F536760CB671 /* Frameworks */,
				7D1C0A55E7B14F2A9C3E0003 /* Resources */,
			);
			buildRules = (
			);
			dependencies = (
			);
			name = Tidepad;
			productName = Tidepad;
			productReference = 38A007151ABE87CC01A5B6E9 /* Tidepad.app */;
			productType = "com.apple.product-type.application";
		};
/* End PBXNativeTarget section */

/* Begin PBXProject section */
		98F54143AB4E86B28C3AFEE0 /* Project object */ = {
			isa = PBXProject;
			attributes = {
				BuildIndependentTargetsInParallel = YES;
				LastUpgradeCheck = 2700;
			};
			buildConfigurationList = 862894B703A6DEDF96A9DD6C /* Build configuration list for PBXProject "Tidepad" */;
			compatibilityVersion = "Xcode 14.0";
			developmentRegion = en;
			hasScannedForEncodings = 0;
			knownRegions = (
				en,
				Base,
			);
			mainGroup = 64292B1C2B2E13EAD8788FC8;
			productRefGroup = FBDC4F23F93125BBEEAE800C /* Products */;
			projectDirPath = "";
			projectRoot = "";
			targets = (
				0E8A3AD980EC179856012B7E /* Tidepad */,
			);
		};
/* End PBXProject section */

/* Begin PBXResourcesBuildPhase section */
		7D1C0A55E7B14F2A9C3E0003 /* Resources */ = {
			isa = PBXResourcesBuildPhase;
			buildActionMask = 2147483647;
			files = (
				7D1C0A55E7B14F2A9C3E0001 /* Tidepad/Assets.xcassets in Resources */,
				7D1C0A55E7B14F2A9C3E0013 /* Tidepad/Tidepad.help in Resources */,
			);
			runOnlyForDeploymentPostprocessing = 0;
		};
/* End PBXResourcesBuildPhase section */

/* Begin PBXSourcesBuildPhase section */
		BCE16DD0260827ECF338C787 /* Sources */ = {
			isa = PBXSourcesBuildPhase;
			buildActionMask = 2147483647;
			files = (
				45066EE01B57451EB780685F /* Tidepad/Session/SessionKeeper.swift in Sources */,
				7D1C0A55E7B14F2A9C3E0011 /* Tidepad/Terminal/TerminalAccessibility.swift in Sources */,
				7D1C0A55E7B14F2A9C3E0021 /* Tidepad/Editor/DocumentPrinter.swift in Sources */,
				7D1C0A55E7B14F2A9C3E0031 /* Tidepad/Views/PreferencesView.swift in Sources */,
				7D1C0A55E7B14F2A9C3E0041 /* Tidepad/Models/TextEncodingChoice.swift in Sources */,
				4F145E5A108841260159880A /* Tidepad/ClaudeCode/IDEProtocol.swift in Sources */,
				2EBF3761F24C40C58FC32C8D /* Tidepad/ClaudeCode/LineDiff.swift in Sources */,
				693F659DC26BF0C575D498E9 /* Tidepad/ClaudeCode/IDEServer.swift in Sources */,
				F234D5355E269B1A5A567EF1 /* Tidepad/ClaudeCode/ClaudeCodeConnection.swift in Sources */,
				A655EFE5DE9D2FC0C6CD9F44 /* Tidepad/ClaudeCode/DiffReviewWindow.swift in Sources */,
				4358A65545C8928D7450CB07 /* Tidepad/Terminal/TerminalScreen.swift in Sources */,
				EF87B5CB3F7AD30B32FF66F3 /* Tidepad/Terminal/PseudoTerminal.swift in Sources */,
				A3E8D1C1F8EDF41D52AD21AC /* Tidepad/Terminal/TerminalView.swift in Sources */,
				222C5557F6F0599E3C60E78E /* Tidepad/Terminal/TerminalPanel.swift in Sources */,
				72AEEEA993896C67538F4F0B /* Tidepad/Views/TerminalPanelView.swift in Sources */,
				4018FBAF34737C6D041807BD /* Tidepad/Project/FolderListing.swift in Sources */,
				E46A902D865B9CA401D4E9CD /* Tidepad/Project/ProjectFolder.swift in Sources */,
				3AF5940A0867672F788C4551 /* Tidepad/Utilities/FolderWatcher.swift in Sources */,
				4C3F67679BB771E91972933D /* Tidepad/Project/FileTreeController.swift in Sources */,
				DC453A1810A1520FF9A9FEB5 /* Tidepad/Views/ProjectSidebarView.swift in Sources */,
				A1C0DE0000000000000000B2 /* Tidepad/Editor/TextCommands.swift in Sources */,
				A1C0DE0000000000000000D4 /* Tidepad/Editor/SQLFormatter.swift in Sources */,
				A1C0DE000000000000000118 /* Tidepad/Documents/DocumentFilePresenter.swift in Sources */,
				73EA1D4D83BB4D2BA88B9971 /* Tests/AppPerformanceValidation.swift in Sources */,
				578814BF8FE24F609BFED16F /* Tidepad/Utilities/EditorDiagnostics.swift in Sources */,
				DB895B54F3AD39170B68B002 /* Tests/SearchValidation.swift in Sources */,
				A7A199487B9193BC3724232F /* Tidepad/Search/SearchResultsView.swift in Sources */,
				63D8FA24774614313DC358E7 /* Tidepad/Search/SearchResultBuilder.swift in Sources */,
				E0432D1A4B61B03A3FE039BB /* Tidepad/Search/SearchQuery.swift in Sources */,
				0A41FCBEB1D896BE2FEF9A79 /* Tidepad/Search/SearchPanelView.swift in Sources */,
				4CA528783F9B06241CA7F402 /* Tidepad/Search/SearchEngine.swift in Sources */,
				9DD1ADC2B49A22B4B6462D49 /* Tidepad/Search/SearchController.swift in Sources */,
				5CDFE286C1D22284700859B4 /* Tidepad/Search/FindInFilesService.swift in Sources */,
				3A74F76FC61B62C9177A853E /* Tests/MenuValidation.swift in Sources */,
				DA46F13B7EE2CBA14A03EDB4 /* Tidepad/Models/EditorPreferences.swift in Sources */,
				0CA4B8E0D4EF6F853FDBF300 /* Tidepad/Commands/WorkspaceCommandContext.swift in Sources */,
				638CB56DC70D8F9E6B21952F /* Tidepad/Commands/ViewCommands.swift in Sources */,
				B332DB1D0A5CFFA20CA72388 /* Tidepad/Commands/ToolsCommands.swift in Sources */,
				6AC957C126E913AC41A92C63 /* Tidepad/Commands/SettingsCommands.swift in Sources */,
				2EC2B12C8111916B5B28E090 /* Tidepad/Commands/SearchCommands.swift in Sources */,
				21A95FCC1C876A22B0B94D08 /* Tidepad/Commands/NativeMenuCoordinator.swift in Sources */,
				6FF4DD92DC90A59ED71E374D /* Tidepad/Commands/TidepadCommands.swift in Sources */,
				D7C3B70FB03769C65BF461FE /* Tidepad/Commands/LanguageCommands.swift in Sources */,
				16DBABF8D22904211E257D78 /* Tidepad/Commands/FileCommands.swift in Sources */,
				F05E7104C0A7896B47A8BB9F /* Tidepad/Commands/EncodingCommands.swift in Sources */,
				E1DA15FBA665D6C6D6976199 /* Tidepad/Commands/EditCommands.swift in Sources */,
				1355A9E2EB8406C142208EFC /* Tests/VisualCapture.swift in Sources */,
				293214C8E52142735E45647A /* Tidepad/Views/CompactChrome.swift in Sources */,
				C20C36F15C93AF30ED75DEC1 /* Tidepad/Utilities/TidepadTheme.swift in Sources */,
				74A3DADF435C82E1982C31CB /* Tidepad/Utilities/TidepadMetrics.swift in Sources */,
				088302287A69482B6CD79CCB /* Tidepad/Syntax/SyntaxPalette.swift in Sources */,
				4CC93069AD994E002124BFB0 /* Tidepad/Syntax/SyntaxLanguage.swift in Sources */,
				53ED3A9BB1370BB9E556D764 /* Tidepad/Syntax/LineLexer.swift in Sources */,
				6B774C6AC675B5E677C83898 /* Tidepad/Syntax/IncrementalSyntaxEngine.swift in Sources */,
				71F82DFD323ED0295F7729AD /* Tidepad/Editor/SyntaxHighlighter.swift in Sources */,
				B7A8B41678CC89755DC7FB52 /* Tidepad/Editor/CodeTextView.swift in Sources */,
				E4D4D6702A8811306D27E3D2 /* Tidepad/Editor/BracketMatcher.swift in Sources */,
				3023F30948EDF4AB9BEC7A84 /* Tidepad/App/TidepadApp.swift in Sources */,
				D5FD81394588487A308173AD /* Tidepad/Documents/DocumentManager.swift in Sources */,
				4630E0BDDBDFC2EFCCF6B97C /* Tidepad/Documents/TextFileService.swift in Sources */,
				D9B08B98CEF0A3E2FED2670B /* Tidepad/Editor/AppKitTextView.swift in Sources */,
				3584A20D555AFE96EDC0A430 /* Tidepad/Editor/EditorSession.swift in Sources */,
				C6ACD85BC0F1DEFE6501D169 /* Tidepad/Editor/LineIndex.swift in Sources */,
				D530D978D5F386673880451A /* Tidepad/Editor/LineNumberRulerView.swift in Sources */,
				71131D8F8B47D64F1DF25722 /* Tidepad/Models/EditorDocument.swift in Sources */,
				66432C16D7EE4BB6AA62C238 /* Tidepad/Utilities/EditorFontProvider.swift in Sources */,
				A415486036D66A6DE78BB2EB /* Tidepad/Views/DocumentTabView.swift in Sources */,
				35A25842C67F53B734E119CA /* Tidepad/Views/EditorToolbar.swift in Sources */,
				3B99F1E5A8C545810ADFB034 /* Tidepad/Views/EditorView.swift in Sources */,
				EDCFF474E24E220AE7E24D6A /* Tidepad/Views/StatusBarView.swift in Sources */,
				DA8C6D81D32BACCAB3922EC4 /* Tidepad/Views/WorkspaceView.swift in Sources */,
			);
			runOnlyForDeploymentPostprocessing = 0;
		};
/* End PBXSourcesBuildPhase section */

/* Begin XCBuildConfiguration section */
		639A7CA24D39909E713B47F7 /* Release */ = {
			isa = XCBuildConfiguration;
			buildSettings = {
				ASSETCATALOG_COMPILER_APPICON_NAME = AppIcon;
				CLANG_ENABLE_MODULES = YES;
				CLANG_ENABLE_OBJC_WEAK = YES;
				CODE_SIGN_STYLE = Automatic;
				DEAD_CODE_STRIPPING = YES;
				ENABLE_HARDENED_RUNTIME = YES;
				GENERATE_INFOPLIST_FILE = NO;
				INFOPLIST_FILE = Tidepad/Info.plist;
				MACOSX_DEPLOYMENT_TARGET = 14.0;
				PRODUCT_BUNDLE_IDENTIFIER = com.tidepad.editor;
				PRODUCT_NAME = Tidepad;
				SDKROOT = macosx;
				SWIFT_EMIT_LOC_STRINGS = YES;
				SWIFT_OPTIMIZATION_LEVEL = "-O";
				SWIFT_VERSION = 5.0;
			};
			name = Release;
		};
		7082CC0B6FC1282FCEABD07A /* Debug */ = {
			isa = XCBuildConfiguration;
			buildSettings = {
				ASSETCATALOG_COMPILER_APPICON_NAME = AppIcon;
				CLANG_ENABLE_MODULES = YES;
				CLANG_ENABLE_OBJC_WEAK = YES;
				CODE_SIGN_STYLE = Automatic;
				DEAD_CODE_STRIPPING = YES;
				ENABLE_HARDENED_RUNTIME = YES;
				GENERATE_INFOPLIST_FILE = NO;
				INFOPLIST_FILE = Tidepad/Info.plist;
				MACOSX_DEPLOYMENT_TARGET = 14.0;
				PRODUCT_BUNDLE_IDENTIFIER = com.tidepad.editor;
				PRODUCT_NAME = Tidepad;
				SDKROOT = macosx;
				SWIFT_ACTIVE_COMPILATION_CONDITIONS = DEBUG;
				SWIFT_EMIT_LOC_STRINGS = YES;
				SWIFT_OPTIMIZATION_LEVEL = "-Onone";
				SWIFT_VERSION = 5.0;
			};
			name = Debug;
		};
		89E1FD6268CC0F221A2BE178 /* Debug */ = {
			isa = XCBuildConfiguration;
			buildSettings = {
				CLANG_ENABLE_MODULES = YES;
				CLANG_WARN_BLOCK_CAPTURE_AUTORELEASING = YES;
				CLANG_WARN_BOOL_CONVERSION = YES;
				CLANG_WARN_COMMA = YES;
				CLANG_WARN_CONSTANT_CONVERSION = YES;
				CLANG_WARN_DEPRECATED_OBJC_IMPLEMENTATIONS = YES;
				CLANG_WARN_EMPTY_BODY = YES;
				CLANG_WARN_ENUM_CONVERSION = YES;
				CLANG_WARN_INFINITE_RECURSION = YES;
				CLANG_WARN_INT_CONVERSION = YES;
				CLANG_WARN_NON_LITERAL_NULL_CONVERSION = YES;
				CLANG_WARN_OBJC_IMPLICIT_RETAIN_SELF = YES;
				CLANG_WARN_OBJC_LITERAL_CONVERSION = YES;
				CLANG_WARN_QUOTED_INCLUDE_IN_FRAMEWORK_HEADER = YES;
				CLANG_WARN_RANGE_LOOP_ANALYSIS = YES;
				CLANG_WARN_STRICT_PROTOTYPES = YES;
				CLANG_WARN_SUSPICIOUS_MOVE = YES;
				CLANG_WARN_UNREACHABLE_CODE = YES;
				CLANG_WARN__DUPLICATE_METHOD_MATCH = YES;
				DEAD_CODE_STRIPPING = YES;
				ENABLE_STRICT_OBJC_MSGSEND = YES;
				ENABLE_TESTABILITY = YES;
				ENABLE_USER_SCRIPT_SANDBOXING = YES;
				GCC_NO_COMMON_BLOCKS = YES;
				GCC_WARN_64_TO_32_BIT_CONVERSION = YES;
				GCC_WARN_ABOUT_RETURN_TYPE = YES;
				GCC_WARN_UNDECLARED_SELECTOR = YES;
				GCC_WARN_UNINITIALIZED_AUTOS = YES;
				GCC_WARN_UNUSED_FUNCTION = YES;
				GCC_WARN_UNUSED_VARIABLE = YES;
				MACOSX_DEPLOYMENT_TARGET = 14.0;
				ONLY_ACTIVE_ARCH = YES;
				SDKROOT = macosx;
				STRING_CATALOG_GENERATE_SYMBOLS = YES;
				SWIFT_ACTIVE_COMPILATION_CONDITIONS = DEBUG;
				SWIFT_OPTIMIZATION_LEVEL = "-Onone";
				SWIFT_VERSION = 5.0;
			};
			name = Debug;
		};
		E6DE6C99132752C914FEF632 /* Release */ = {
			isa = XCBuildConfiguration;
			buildSettings = {
				CLANG_ENABLE_MODULES = YES;
				CLANG_WARN_BLOCK_CAPTURE_AUTORELEASING = YES;
				CLANG_WARN_BOOL_CONVERSION = YES;
				CLANG_WARN_COMMA = YES;
				CLANG_WARN_CONSTANT_CONVERSION = YES;
				CLANG_WARN_DEPRECATED_OBJC_IMPLEMENTATIONS = YES;
				CLANG_WARN_EMPTY_BODY = YES;
				CLANG_WARN_ENUM_CONVERSION = YES;
				CLANG_WARN_INFINITE_RECURSION = YES;
				CLANG_WARN_INT_CONVERSION = YES;
				CLANG_WARN_NON_LITERAL_NULL_CONVERSION = YES;
				CLANG_WARN_OBJC_IMPLICIT_RETAIN_SELF = YES;
				CLANG_WARN_OBJC_LITERAL_CONVERSION = YES;
				CLANG_WARN_QUOTED_INCLUDE_IN_FRAMEWORK_HEADER = YES;
				CLANG_WARN_RANGE_LOOP_ANALYSIS = YES;
				CLANG_WARN_STRICT_PROTOTYPES = YES;
				CLANG_WARN_SUSPICIOUS_MOVE = YES;
				CLANG_WARN_UNREACHABLE_CODE = YES;
				CLANG_WARN__DUPLICATE_METHOD_MATCH = YES;
				DEAD_CODE_STRIPPING = YES;
				ENABLE_STRICT_OBJC_MSGSEND = YES;
				ENABLE_USER_SCRIPT_SANDBOXING = YES;
				GCC_NO_COMMON_BLOCKS = YES;
				GCC_WARN_64_TO_32_BIT_CONVERSION = YES;
				GCC_WARN_ABOUT_RETURN_TYPE = YES;
				GCC_WARN_UNDECLARED_SELECTOR = YES;
				GCC_WARN_UNINITIALIZED_AUTOS = YES;
				GCC_WARN_UNUSED_FUNCTION = YES;
				GCC_WARN_UNUSED_VARIABLE = YES;
				MACOSX_DEPLOYMENT_TARGET = 14.0;
				SDKROOT = macosx;
				STRING_CATALOG_GENERATE_SYMBOLS = YES;
				SWIFT_COMPILATION_MODE = wholemodule;
				SWIFT_OPTIMIZATION_LEVEL = "-O";
				SWIFT_VERSION = 5.0;
			};
			name = Release;
		};
/* End XCBuildConfiguration section */

/* Begin XCConfigurationList section */
		862894B703A6DEDF96A9DD6C /* Build configuration list for PBXProject "Tidepad" */ = {
			isa = XCConfigurationList;
			buildConfigurations = (
				89E1FD6268CC0F221A2BE178 /* Debug */,
				E6DE6C99132752C914FEF632 /* Release */,
			);
			defaultConfigurationIsVisible = 0;
			defaultConfigurationName = Release;
		};
		C57128001CE614BF8549D6BB /* Build configuration list for PBXNativeTarget "Tidepad" */ = {
			isa = XCConfigurationList;
			buildConfigurations = (
				7082CC0B6FC1282FCEABD07A /* Debug */,
				639A7CA24D39909E713B47F7 /* Release */,
			);
			defaultConfigurationIsVisible = 0;
			defaultConfigurationName = Release;
		};
/* End XCConfigurationList section */
	};
	rootObject = 98F54143AB4E86B28C3AFEE0 /* Project object */;
}
