// !$*UTF8*$!
{ archiveVersion = 1; classes = {}; objectVersion = 56; objects = {
2D7A5B262AFD48E8B2CBD96F = { isa = PBXFileReference; lastKnownFileType = sourcecode.swift; path = "Tests/AppPerformanceValidation.swift"; sourceTree = SOURCE_ROOT; };
73EA1D4D83BB4D2BA88B9971 = { isa = PBXBuildFile; fileRef = 2D7A5B262AFD48E8B2CBD96F; };
3F2941357F574C32B107ADDA = { isa = PBXFileReference; lastKnownFileType = sourcecode.swift; path = "Tidepad/Utilities/EditorDiagnostics.swift"; sourceTree = SOURCE_ROOT; };
578814BF8FE24F609BFED16F = { isa = PBXBuildFile; fileRef = 3F2941357F574C32B107ADDA; };
F1B96D89D4A84F55B724EEE6 = { isa = PBXFileReference; lastKnownFileType = sourcecode.swift; path = "Tests/SearchValidation.swift"; sourceTree = SOURCE_ROOT; };
DB895B54F3AD39170B68B002 = { isa = PBXBuildFile; fileRef = F1B96D89D4A84F55B724EEE6; };
97EE9626468ACAD3F001E058 = { isa = PBXFileReference; lastKnownFileType = sourcecode.swift; path = "Tidepad/Search/SearchResultsView.swift"; sourceTree = SOURCE_ROOT; };
A7A199487B9193BC3724232F = { isa = PBXBuildFile; fileRef = 97EE9626468ACAD3F001E058; };
0DCC2D932E45CE90AC1C71F3 = { isa = PBXFileReference; lastKnownFileType = sourcecode.swift; path = "Tidepad/Search/SearchResultBuilder.swift"; sourceTree = SOURCE_ROOT; };
63D8FA24774614313DC358E7 = { isa = PBXBuildFile; fileRef = 0DCC2D932E45CE90AC1C71F3; };
33A8CF123FEC5D3D25C9A1DF = { isa = PBXFileReference; lastKnownFileType = sourcecode.swift; path = "Tidepad/Search/SearchQuery.swift"; sourceTree = SOURCE_ROOT; };
E0432D1A4B61B03A3FE039BB = { isa = PBXBuildFile; fileRef = 33A8CF123FEC5D3D25C9A1DF; };
0AF0C5C8D447418541BD35FC = { isa = PBXFileReference; lastKnownFileType = sourcecode.swift; path = "Tidepad/Search/SearchPanelView.swift"; sourceTree = SOURCE_ROOT; };
0A41FCBEB1D896BE2FEF9A79 = { isa = PBXBuildFile; fileRef = 0AF0C5C8D447418541BD35FC; };
8410E0B3641D840470752629 = { isa = PBXFileReference; lastKnownFileType = sourcecode.swift; path = "Tidepad/Search/SearchEngine.swift"; sourceTree = SOURCE_ROOT; };
4CA528783F9B06241CA7F402 = { isa = PBXBuildFile; fileRef = 8410E0B3641D840470752629; };
8E18D9E6EF9BB0DC393E1E0E = { isa = PBXFileReference; lastKnownFileType = sourcecode.swift; path = "Tidepad/Search/SearchController.swift"; sourceTree = SOURCE_ROOT; };
9DD1ADC2B49A22B4B6462D49 = { isa = PBXBuildFile; fileRef = 8E18D9E6EF9BB0DC393E1E0E; };
9798539D2DC82C495AA2848E = { isa = PBXFileReference; lastKnownFileType = sourcecode.swift; path = "Tidepad/Search/FindInFilesService.swift"; sourceTree = SOURCE_ROOT; };
5CDFE286C1D22284700859B4 = { isa = PBXBuildFile; fileRef = 9798539D2DC82C495AA2848E; };
409A6356C4ED3EF104316B5B = { isa = PBXFileReference; lastKnownFileType = sourcecode.swift; path = "Tests/MenuValidation.swift"; sourceTree = SOURCE_ROOT; };
3A74F76FC61B62C9177A853E = { isa = PBXBuildFile; fileRef = 409A6356C4ED3EF104316B5B; };
4BAC65FA4B5C5A8CC2965980 = { isa = PBXFileReference; lastKnownFileType = sourcecode.swift; path = "Tidepad/Models/EditorPreferences.swift"; sourceTree = SOURCE_ROOT; };
DA46F13B7EE2CBA14A03EDB4 = { isa = PBXBuildFile; fileRef = 4BAC65FA4B5C5A8CC2965980; };
D2DF6DDBD650E1D155CD2CD8 = { isa = PBXFileReference; lastKnownFileType = sourcecode.swift; path = "Tidepad/Commands/WorkspaceCommandContext.swift"; sourceTree = SOURCE_ROOT; };
0CA4B8E0D4EF6F853FDBF300 = { isa = PBXBuildFile; fileRef = D2DF6DDBD650E1D155CD2CD8; };
C0E3C63CD51BB51FAB4F374A = { isa = PBXFileReference; lastKnownFileType = sourcecode.swift; path = "Tidepad/Commands/ViewCommands.swift"; sourceTree = SOURCE_ROOT; };
638CB56DC70D8F9E6B21952F = { isa = PBXBuildFile; fileRef = C0E3C63CD51BB51FAB4F374A; };
35A85892EF1B0D4EF83B0512 = { isa = PBXFileReference; lastKnownFileType = sourcecode.swift; path = "Tidepad/Commands/ToolsCommands.swift"; sourceTree = SOURCE_ROOT; };
B332DB1D0A5CFFA20CA72388 = { isa = PBXBuildFile; fileRef = 35A85892EF1B0D4EF83B0512; };
8C18EB6873C721855744D946 = { isa = PBXFileReference; lastKnownFileType = sourcecode.swift; path = "Tidepad/Commands/SettingsCommands.swift"; sourceTree = SOURCE_ROOT; };
6AC957C126E913AC41A92C63 = { isa = PBXBuildFile; fileRef = 8C18EB6873C721855744D946; };
513DB892397CCAA265ADF4DC = { isa = PBXFileReference; lastKnownFileType = sourcecode.swift; path = "Tidepad/Commands/SearchCommands.swift"; sourceTree = SOURCE_ROOT; };
2EC2B12C8111916B5B28E090 = { isa = PBXBuildFile; fileRef = 513DB892397CCAA265ADF4DC; };
5C26016D9F7C0B7B147CC3FD = { isa = PBXFileReference; lastKnownFileType = sourcecode.swift; path = "Tidepad/Commands/NativeMenuCoordinator.swift"; sourceTree = SOURCE_ROOT; };
21A95FCC1C876A22B0B94D08 = { isa = PBXBuildFile; fileRef = 5C26016D9F7C0B7B147CC3FD; };
D3E0CB04E005C47E3785DE5B = { isa = PBXFileReference; lastKnownFileType = sourcecode.swift; path = "Tidepad/Commands/TidepadCommands.swift"; sourceTree = SOURCE_ROOT; };
6FF4DD92DC90A59ED71E374D = { isa = PBXBuildFile; fileRef = D3E0CB04E005C47E3785DE5B; };
465DD877855FDD309522F025 = { isa = PBXFileReference; lastKnownFileType = sourcecode.swift; path = "Tidepad/Commands/LanguageCommands.swift"; sourceTree = SOURCE_ROOT; };
D7C3B70FB03769C65BF461FE = { isa = PBXBuildFile; fileRef = 465DD877855FDD309522F025; };
52932218E5993C1B4BA86BE3 = { isa = PBXFileReference; lastKnownFileType = sourcecode.swift; path = "Tidepad/Commands/FileCommands.swift"; sourceTree = SOURCE_ROOT; };
16DBABF8D22904211E257D78 = { isa = PBXBuildFile; fileRef = 52932218E5993C1B4BA86BE3; };
FBF151C073CD688A496F2B1F = { isa = PBXFileReference; lastKnownFileType = sourcecode.swift; path = "Tidepad/Commands/EncodingCommands.swift"; sourceTree = SOURCE_ROOT; };
F05E7104C0A7896B47A8BB9F = { isa = PBXBuildFile; fileRef = FBF151C073CD688A496F2B1F; };
BBE62F7E3396E91ACEEEFAC4 = { isa = PBXFileReference; lastKnownFileType = sourcecode.swift; path = "Tidepad/Commands/EditCommands.swift"; sourceTree = SOURCE_ROOT; };
E1DA15FBA665D6C6D6976199 = { isa = PBXBuildFile; fileRef = BBE62F7E3396E91ACEEEFAC4; };
E87F00D9C7DEBC2E5016CFEF = { isa = PBXFileReference; lastKnownFileType = sourcecode.swift; path = "Tests/VisualCapture.swift"; sourceTree = SOURCE_ROOT; };
1355A9E2EB8406C142208EFC = { isa = PBXBuildFile; fileRef = E87F00D9C7DEBC2E5016CFEF; };
075572F3618E012A9BAFFCF8 = { isa = PBXFileReference; lastKnownFileType = sourcecode.swift; path = "Tidepad/Views/CompactChrome.swift"; sourceTree = SOURCE_ROOT; };
293214C8E52142735E45647A = { isa = PBXBuildFile; fileRef = 075572F3618E012A9BAFFCF8; };
E254DF6983684787176EAE12 = { isa = PBXFileReference; lastKnownFileType = sourcecode.swift; path = "Tidepad/Utilities/TidepadTheme.swift"; sourceTree = SOURCE_ROOT; };
C20C36F15C93AF30ED75DEC1 = { isa = PBXBuildFile; fileRef = E254DF6983684787176EAE12; };
338077D229804B963349E143 = { isa = PBXFileReference; lastKnownFileType = sourcecode.swift; path = "Tidepad/Utilities/TidepadMetrics.swift"; sourceTree = SOURCE_ROOT; };
74A3DADF435C82E1982C31CB = { isa = PBXBuildFile; fileRef = 338077D229804B963349E143; };
B4049743157ABCC856D21A4F = { isa = PBXFileReference; lastKnownFileType = sourcecode.swift; path = "Tidepad/Syntax/SyntaxPalette.swift"; sourceTree = SOURCE_ROOT; };
088302287A69482B6CD79CCB = { isa = PBXBuildFile; fileRef = B4049743157ABCC856D21A4F; };
5162B3C9C16E84C0D05DC3D2 = { isa = PBXFileReference; lastKnownFileType = sourcecode.swift; path = "Tidepad/Syntax/SyntaxLanguage.swift"; sourceTree = SOURCE_ROOT; };
4CC93069AD994E002124BFB0 = { isa = PBXBuildFile; fileRef = 5162B3C9C16E84C0D05DC3D2; };
070219510E721EC0C92386A5 = { isa = PBXFileReference; lastKnownFileType = sourcecode.swift; path = "Tidepad/Syntax/LineLexer.swift"; sourceTree = SOURCE_ROOT; };
53ED3A9BB1370BB9E556D764 = { isa = PBXBuildFile; fileRef = 070219510E721EC0C92386A5; };
4E94E6624658AD8DDD357BC7 = { isa = PBXFileReference; lastKnownFileType = sourcecode.swift; path = "Tidepad/Syntax/IncrementalSyntaxEngine.swift"; sourceTree = SOURCE_ROOT; };
6B774C6AC675B5E677C83898 = { isa = PBXBuildFile; fileRef = 4E94E6624658AD8DDD357BC7; };
0BE48949002CE22A751EF0DF = { isa = PBXFileReference; lastKnownFileType = sourcecode.swift; path = "Tidepad/Editor/SyntaxHighlighter.swift"; sourceTree = SOURCE_ROOT; };
71F82DFD323ED0295F7729AD = { isa = PBXBuildFile; fileRef = 0BE48949002CE22A751EF0DF; };
F6BD285611B88485BB523A6C = { isa = PBXFileReference; lastKnownFileType = sourcecode.swift; path = "Tidepad/Editor/CodeTextView.swift"; sourceTree = SOURCE_ROOT; };
B7A8B41678CC89755DC7FB52 = { isa = PBXBuildFile; fileRef = F6BD285611B88485BB523A6C; };
FB3AA0AC11CE7B43BEEE1550 = { isa = PBXFileReference; lastKnownFileType = sourcecode.swift; path = "Tidepad/Editor/BracketMatcher.swift"; sourceTree = SOURCE_ROOT; };
E4D4D6702A8811306D27E3D2 = { isa = PBXBuildFile; fileRef = FB3AA0AC11CE7B43BEEE1550; };
A1C0DE0000000000000000A1 = { isa = PBXFileReference; lastKnownFileType = sourcecode.swift; path = "Tidepad/Editor/TextCommands.swift"; sourceTree = SOURCE_ROOT; };
A1C0DE0000000000000000B2 = { isa = PBXBuildFile; fileRef = A1C0DE0000000000000000A1; };
A1C0DE0000000000000000C3 = { isa = PBXFileReference; lastKnownFileType = sourcecode.swift; path = "Tidepad/Editor/SQLFormatter.swift"; sourceTree = SOURCE_ROOT; };
A1C0DE0000000000000000D4 = { isa = PBXBuildFile; fileRef = A1C0DE0000000000000000C3; };
0F73584ED4D33C1E45EC0029 = { isa = PBXFileReference; lastKnownFileType = sourcecode.swift; path = "Tidepad/App/TidepadApp.swift"; sourceTree = SOURCE_ROOT; };
3023F30948EDF4AB9BEC7A84 = { isa = PBXBuildFile; fileRef = 0F73584ED4D33C1E45EC0029; };
03C6598A4135AC8D7F807767 = { isa = PBXFileReference; lastKnownFileType = sourcecode.swift; path = "Tidepad/Documents/DocumentManager.swift"; sourceTree = SOURCE_ROOT; };
D5FD81394588487A308173AD = { isa = PBXBuildFile; fileRef = 03C6598A4135AC8D7F807767; };
752A81EB2AED49A78E4DDBD4 = { isa = PBXFileReference; lastKnownFileType = sourcecode.swift; path = "Tidepad/Documents/TextFileService.swift"; sourceTree = SOURCE_ROOT; };
4630E0BDDBDFC2EFCCF6B97C = { isa = PBXBuildFile; fileRef = 752A81EB2AED49A78E4DDBD4; };
2CB449716E85BAF142013298 = { isa = PBXFileReference; lastKnownFileType = sourcecode.swift; path = "Tidepad/Editor/AppKitTextView.swift"; sourceTree = SOURCE_ROOT; };
D9B08B98CEF0A3E2FED2670B = { isa = PBXBuildFile; fileRef = 2CB449716E85BAF142013298; };
B4A2689D6EE9A1B6B07CF426 = { isa = PBXFileReference; lastKnownFileType = sourcecode.swift; path = "Tidepad/Editor/EditorSession.swift"; sourceTree = SOURCE_ROOT; };
3584A20D555AFE96EDC0A430 = { isa = PBXBuildFile; fileRef = B4A2689D6EE9A1B6B07CF426; };
C44FF9786F5CB8AA0CABA3F6 = { isa = PBXFileReference; lastKnownFileType = sourcecode.swift; path = "Tidepad/Editor/LineIndex.swift"; sourceTree = SOURCE_ROOT; };
C6ACD85BC0F1DEFE6501D169 = { isa = PBXBuildFile; fileRef = C44FF9786F5CB8AA0CABA3F6; };
3F69CD9FCB3355A4E836294D = { isa = PBXFileReference; lastKnownFileType = sourcecode.swift; path = "Tidepad/Editor/LineNumberRulerView.swift"; sourceTree = SOURCE_ROOT; };
D530D978D5F386673880451A = { isa = PBXBuildFile; fileRef = 3F69CD9FCB3355A4E836294D; };
51EC7CC9D5D7608EF7F13D6C = { isa = PBXFileReference; lastKnownFileType = sourcecode.swift; path = "Tidepad/Models/EditorDocument.swift"; sourceTree = SOURCE_ROOT; };
71131D8F8B47D64F1DF25722 = { isa = PBXBuildFile; fileRef = 51EC7CC9D5D7608EF7F13D6C; };
80158EF547754EE09B05D24A = { isa = PBXFileReference; lastKnownFileType = sourcecode.swift; path = "Tidepad/Utilities/EditorFontProvider.swift"; sourceTree = SOURCE_ROOT; };
66432C16D7EE4BB6AA62C238 = { isa = PBXBuildFile; fileRef = 80158EF547754EE09B05D24A; };
4E79E7253580186EBAD57E2C = { isa = PBXFileReference; lastKnownFileType = sourcecode.swift; path = "Tidepad/Views/DocumentTabView.swift"; sourceTree = SOURCE_ROOT; };
A415486036D66A6DE78BB2EB = { isa = PBXBuildFile; fileRef = 4E79E7253580186EBAD57E2C; };
BF09CFC8372631DF61738381 = { isa = PBXFileReference; lastKnownFileType = sourcecode.swift; path = "Tidepad/Views/EditorToolbar.swift"; sourceTree = SOURCE_ROOT; };
35A25842C67F53B734E119CA = { isa = PBXBuildFile; fileRef = BF09CFC8372631DF61738381; };
2E4B2A5D606301191470AD4E = { isa = PBXFileReference; lastKnownFileType = sourcecode.swift; path = "Tidepad/Views/EditorView.swift"; sourceTree = SOURCE_ROOT; };
3B99F1E5A8C545810ADFB034 = { isa = PBXBuildFile; fileRef = 2E4B2A5D606301191470AD4E; };
0E1C9906A51AD9DB408914C4 = { isa = PBXFileReference; lastKnownFileType = sourcecode.swift; path = "Tidepad/Views/StatusBarView.swift"; sourceTree = SOURCE_ROOT; };
EDCFF474E24E220AE7E24D6A = { isa = PBXBuildFile; fileRef = 0E1C9906A51AD9DB408914C4; };
E2FADB3F1975D75374D667CA = { isa = PBXFileReference; lastKnownFileType = sourcecode.swift; path = "Tidepad/Views/WorkspaceView.swift"; sourceTree = SOURCE_ROOT; };
DA8C6D81D32BACCAB3922EC4 = { isa = PBXBuildFile; fileRef = E2FADB3F1975D75374D667CA; };
38A007151ABE87CC01A5B6E9 = { isa = PBXFileReference; explicitFileType = wrapper.application; path = Tidepad.app; sourceTree = BUILT_PRODUCTS_DIR; };
64292B1C2B2E13EAD8788FC8 = { isa = PBXGroup; children = (A1C0DE0000000000000000A1,A1C0DE0000000000000000C3,2D7A5B262AFD48E8B2CBD96F,3F2941357F574C32B107ADDA,F1B96D89D4A84F55B724EEE6,97EE9626468ACAD3F001E058,0DCC2D932E45CE90AC1C71F3,33A8CF123FEC5D3D25C9A1DF,0AF0C5C8D447418541BD35FC,8410E0B3641D840470752629,8E18D9E6EF9BB0DC393E1E0E,9798539D2DC82C495AA2848E,409A6356C4ED3EF104316B5B,4BAC65FA4B5C5A8CC2965980,D2DF6DDBD650E1D155CD2CD8,C0E3C63CD51BB51FAB4F374A,35A85892EF1B0D4EF83B0512,8C18EB6873C721855744D946,513DB892397CCAA265ADF4DC,5C26016D9F7C0B7B147CC3FD,D3E0CB04E005C47E3785DE5B,465DD877855FDD309522F025,52932218E5993C1B4BA86BE3,FBF151C073CD688A496F2B1F,BBE62F7E3396E91ACEEEFAC4,E87F00D9C7DEBC2E5016CFEF,075572F3618E012A9BAFFCF8,E254DF6983684787176EAE12,338077D229804B963349E143,B4049743157ABCC856D21A4F,5162B3C9C16E84C0D05DC3D2,070219510E721EC0C92386A5,4E94E6624658AD8DDD357BC7,0BE48949002CE22A751EF0DF,F6BD285611B88485BB523A6C,FB3AA0AC11CE7B43BEEE1550,0F73584ED4D33C1E45EC0029,03C6598A4135AC8D7F807767,752A81EB2AED49A78E4DDBD4,2CB449716E85BAF142013298,B4A2689D6EE9A1B6B07CF426,C44FF9786F5CB8AA0CABA3F6,3F69CD9FCB3355A4E836294D,51EC7CC9D5D7608EF7F13D6C,80158EF547754EE09B05D24A,4E79E7253580186EBAD57E2C,BF09CFC8372631DF61738381,2E4B2A5D606301191470AD4E,0E1C9906A51AD9DB408914C4,E2FADB3F1975D75374D667CA,FBDC4F23F93125BBEEAE800C); sourceTree = "<group>"; };
FBDC4F23F93125BBEEAE800C = { isa = PBXGroup; children = (38A007151ABE87CC01A5B6E9); name = Products; sourceTree = "<group>"; };
BCE16DD0260827ECF338C787 = { isa = PBXSourcesBuildPhase; buildActionMask = 2147483647; files = (A1C0DE0000000000000000B2, A1C0DE0000000000000000D4, 73EA1D4D83BB4D2BA88B9971, 578814BF8FE24F609BFED16F, DB895B54F3AD39170B68B002,A7A199487B9193BC3724232F,63D8FA24774614313DC358E7,E0432D1A4B61B03A3FE039BB,0A41FCBEB1D896BE2FEF9A79,4CA528783F9B06241CA7F402,9DD1ADC2B49A22B4B6462D49,5CDFE286C1D22284700859B4,3A74F76FC61B62C9177A853E,DA46F13B7EE2CBA14A03EDB4,0CA4B8E0D4EF6F853FDBF300,638CB56DC70D8F9E6B21952F,B332DB1D0A5CFFA20CA72388,6AC957C126E913AC41A92C63,2EC2B12C8111916B5B28E090,21A95FCC1C876A22B0B94D08,6FF4DD92DC90A59ED71E374D,D7C3B70FB03769C65BF461FE,16DBABF8D22904211E257D78,F05E7104C0A7896B47A8BB9F,E1DA15FBA665D6C6D6976199,1355A9E2EB8406C142208EFC,293214C8E52142735E45647A,C20C36F15C93AF30ED75DEC1,74A3DADF435C82E1982C31CB,088302287A69482B6CD79CCB,4CC93069AD994E002124BFB0,53ED3A9BB1370BB9E556D764,6B774C6AC675B5E677C83898,71F82DFD323ED0295F7729AD,B7A8B41678CC89755DC7FB52,E4D4D6702A8811306D27E3D2,3023F30948EDF4AB9BEC7A84,D5FD81394588487A308173AD,4630E0BDDBDFC2EFCCF6B97C,D9B08B98CEF0A3E2FED2670B,3584A20D555AFE96EDC0A430,C6ACD85BC0F1DEFE6501D169,D530D978D5F386673880451A,71131D8F8B47D64F1DF25722,66432C16D7EE4BB6AA62C238,A415486036D66A6DE78BB2EB,35A25842C67F53B734E119CA,3B99F1E5A8C545810ADFB034,EDCFF474E24E220AE7E24D6A,DA8C6D81D32BACCAB3922EC4); runOnlyForDeploymentPostprocessing = 0; };
7561BFB015D8F536760CB671 = { isa = PBXFrameworksBuildPhase; buildActionMask = 2147483647; files = (); runOnlyForDeploymentPostprocessing = 0; };
89E1FD6268CC0F221A2BE178 = { isa = XCBuildConfiguration; buildSettings = { MACOSX_DEPLOYMENT_TARGET = 14.0; SDKROOT = macosx; SWIFT_VERSION = 5.0; CLANG_ENABLE_MODULES = YES; SWIFT_OPTIMIZATION_LEVEL = "-Onone"; SWIFT_ACTIVE_COMPILATION_CONDITIONS = DEBUG; }; name = Debug; };
E6DE6C99132752C914FEF632 = { isa = XCBuildConfiguration; buildSettings = { MACOSX_DEPLOYMENT_TARGET = 14.0; SDKROOT = macosx; SWIFT_VERSION = 5.0; CLANG_ENABLE_MODULES = YES; SWIFT_OPTIMIZATION_LEVEL = "-O"; }; name = Release; };
862894B703A6DEDF96A9DD6C = { isa = XCConfigurationList; buildConfigurations = (89E1FD6268CC0F221A2BE178, E6DE6C99132752C914FEF632); defaultConfigurationIsVisible = 0; defaultConfigurationName = Release; };
7082CC0B6FC1282FCEABD07A = { isa = XCBuildConfiguration; buildSettings = { MACOSX_DEPLOYMENT_TARGET = 14.0; SDKROOT = macosx; SWIFT_VERSION = 5.0; CLANG_ENABLE_MODULES = YES; PRODUCT_NAME = Tidepad; PRODUCT_BUNDLE_IDENTIFIER = com.tidepad.editor; GENERATE_INFOPLIST_FILE = NO; INFOPLIST_FILE = Tidepad/Info.plist; CODE_SIGN_STYLE = Automatic; ENABLE_HARDENED_RUNTIME = YES; SWIFT_EMIT_LOC_STRINGS = YES; SWIFT_OPTIMIZATION_LEVEL = "-Onone"; SWIFT_ACTIVE_COMPILATION_CONDITIONS = DEBUG; }; name = Debug; };
639A7CA24D39909E713B47F7 = { isa = XCBuildConfiguration; buildSettings = { MACOSX_DEPLOYMENT_TARGET = 14.0; SDKROOT = macosx; SWIFT_VERSION = 5.0; CLANG_ENABLE_MODULES = YES; PRODUCT_NAME = Tidepad; PRODUCT_BUNDLE_IDENTIFIER = com.tidepad.editor; GENERATE_INFOPLIST_FILE = NO; INFOPLIST_FILE = Tidepad/Info.plist; CODE_SIGN_STYLE = Automatic; ENABLE_HARDENED_RUNTIME = YES; SWIFT_EMIT_LOC_STRINGS = YES; SWIFT_OPTIMIZATION_LEVEL = "-O"; }; name = Release; };
C57128001CE614BF8549D6BB = { isa = XCConfigurationList; buildConfigurations = (7082CC0B6FC1282FCEABD07A, 639A7CA24D39909E713B47F7); defaultConfigurationIsVisible = 0; defaultConfigurationName = Release; };
0E8A3AD980EC179856012B7E = { isa = PBXNativeTarget; buildConfigurationList = C57128001CE614BF8549D6BB; buildPhases = (BCE16DD0260827ECF338C787, 7561BFB015D8F536760CB671); buildRules = (); dependencies = (); name = Tidepad; productName = Tidepad; productReference = 38A007151ABE87CC01A5B6E9; productType = "com.apple.product-type.application"; };
98F54143AB4E86B28C3AFEE0 = { isa = PBXProject; attributes = { LastUpgradeCheck = 1600; }; buildConfigurationList = 862894B703A6DEDF96A9DD6C; compatibilityVersion = "Xcode 14.0"; developmentRegion = en; knownRegions = (en, Base); mainGroup = 64292B1C2B2E13EAD8788FC8; productRefGroup = FBDC4F23F93125BBEEAE800C; projectDirPath = ""; projectRoot = ""; targets = (0E8A3AD980EC179856012B7E); };
}; rootObject = 98F54143AB4E86B28C3AFEE0; }
